{
  "name": "copilot-tokens",
  "version": "1.0.0",
  "lockfileVersion": 3,
  "requires": true,
  "packages": {
    "": {
      "name": "copilot-tokens",
      "version": "1.0.0",
      "license": "MIT",
      "dependencies": {
        "@microsoft/tiktokenizer": "^1.0.10"
      },
      "bin": {
        "copilot-tokens": "bin/copilot-tokens"
      },
      "engines": {
        "node": ">=18.0.0"
      }
    },
    "node_modules/@microsoft/tiktokenizer": {
      "version": "1.0.10",
      "resolved": "https://registry.npmjs.org/@microsoft/tiktokenizer/-/tiktokenizer-1.0.10.tgz",
      "integrity": "sha512-k6ujcOTZEEjvb5CWHA3LTVfwLw+if6rW9fp0JfYRez0Ex3wKq42tnovoXs107pGMS39qPdiV1+Dv8dJgROshJg==",
      "license": "MIT",
      "engines": {
        "node": ">=18.0.0"
      }
    }
  }
}
